// !$*UTF8*$!
{
	archiveVersion = 1;
	classes = {
	};
	objectVersion = 48;
	objects = {

/* Begin PBXBuildFile section */
		C35E215C1F95B93700F1D2E2 /* Gradientable.swift in Sources */ = {isa = PBXBuildFile; fileRef = C35E215B1F95B93700F1D2E2 /* Gradientable.swift */; };
		C35E215E1F95BCF900F1D2E2 /* UIView+Gradientable.swift in Sources */ = {isa = PBXBuildFile; fileRef = C35E215D1F95BCF900F1D2E2 /* UIView+Gradientable.swift */; };
		C3DF488C1F95D424000BEFDC /* GradientableOptions.swift in Sources */ = {isa = PBXBuildFile; fileRef = C3DF488B1F95D424000BEFDC /* GradientableOptions.swift */; };
		C3DF488E1F95D455000BEFDC /* GradientableAnimation.swift in Sources */ = {isa = PBXBuildFile; fileRef = C3DF488D1F95D455000BEFDC /* GradientableAnimation.swift */; };
		C3EC75161F95B8A0005350D7 /* Gradientable.framework in Frameworks */ = {isa = PBXBuildFile; fileRef = C3EC750C1F95B89F005350D7 /* Gradientable.framework */; };
		C3EC751B1F95B8A0005350D7 /* GradientableTests.swift in Sources */ = {isa = PBXBuildFile; fileRef = C3EC751A1F95B8A0005350D7 /* GradientableTests.swift */; };
		C3EC751D1F95B8A0005350D7 /* Gradientable.h in Headers */ = {isa = PBXBuildFile; fileRef = C3EC750F1F95B89F005350D7 /* Gradientable.h */; settings = {ATTRIBUTES = (Public, ); }; };
/* End PBXBuildFile section */

/* Begin PBXContainerItemProxy section */
		C3EC75171F95B8A0005350D7 /* PBXContainerItemProxy */ = {
			isa = PBXContainerItemProxy;
			containerPortal = C3EC75031F95B89F005350D7 /* Project object */;
			proxyType = 1;
			remoteGlobalIDString = C3EC750B1F95B89F005350D7;
			remoteInfo = Gradientable;
		};
/* End PBXContainerItemProxy section */

/* Begin PBXFileReference section */
		C35E215B1F95B93700F1D2E2 /* Gradientable.swift */ = {isa = PBXFileReference; lastKnownFileType = sourcecode.swift; path = Gradientable.swift; sourceTree = "<group>"; };
		C35E215D1F95BCF900F1D2E2 /* UIView+Gradientable.swift */ = {isa = PBXFileReference; lastKnownFileType = sourcecode.swift; path = "UIView+Gradientable.swift"; sourceTree = "<group>"; };
		C3DF488B1F95D424000BEFDC /* GradientableOptions.swift */ = {isa = PBXFileReference; lastKnownFileType = sourcecode.swift; path = GradientableOptions.swift; sourceTree = "<group>"; };
		C3DF488D1F95D455000BEFDC /* GradientableAnimation.swift */ = {isa = PBXFileReference; lastKnownFileType = sourcecode.swift; path = GradientableAnimation.swift; sourceTree = "<group>"; };
		C3EC750C1F95B89F005350D7 /* Gradientable.framework */ = {isa = PBXFileReference; explicitFileType = wrapper.framework; includeInIndex = 0; path = Gradientable.framework; sourceTree = BUILT_PRODUCTS_DIR; };
		C3EC750F1F95B89F005350D7 /* Gradientable.h */ = {isa = PBXFileReference; lastKnownFileType = sourcecode.c.h; path = Gradientable.h; sourceTree = "<group>"; };
		C3EC75101F95B89F005350D7 /* Info.plist */ = {isa = PBXFileReference; lastKnownFileType = text.plist.xml; path = Info.plist; sourceTree = "<group>"; };
		C3EC75151F95B89F005350D7 /* GradientableTests.xctest */ = {isa = PBXFileReference; explicitFileType = wrapper.cfbundle; includeInIndex = 0; path = GradientableTests.xctest; sourceTree = BUILT_PRODUCTS_DIR; };
		C3EC751A1F95B8A0005350D7 /* GradientableTests.swift */ = {isa = PBXFileReference; lastKnownFileType = sourcecode.swift; path = GradientableTests.swift; sourceTree = "<group>"; };
		C3EC751C1F95B8A0005350D7 /* Info.plist */ = {isa = PBXFileReference; lastKnownFileType = text.plist.xml; path = Info.plist; sourceTree = "<group>"; };
/* End PBXFileReference section */

/* Begin PBXFrameworksBuildPhase section */
		C3EC75081F95B89F005350D7 /* Frameworks */ = {
			isa = PBXFrameworksBuildPhase;
			buildActionMask = 2147483647;
			files = (
			);
			runOnlyForDeploymentPostprocessing = 0;
		};
		C3EC75121F95B89F005350D7 /* Frameworks */ = {
			isa = PBXFrameworksBuildPhase;
			buildActionMask = 2147483647;
			files = (
				C3EC75161F95B8A0005350D7 /* Gradientable.framework in Frameworks */,
			);
			runOnlyForDeploymentPostprocessing = 0;
		};
/* End PBXFrameworksBuildPhase section */

/* Begin PBXGroup section */
		C35E215A1F95B92B00F1D2E2 /* Classes */ = {
			isa = PBXGroup;
			children = (
				C35E215B1F95B93700F1D2E2 /* Gradientable.swift */,
				C3DF488B1F95D424000BEFDC /* GradientableOptions.swift */,
				C3DF488D1F95D455000BEFDC /* GradientableAnimation.swift */,
				C35E215D1F95BCF900F1D2E2 /* UIView+Gradientable.swift */,
			);
			path = Classes;
			sourceTree = "<group>";
		};
		C3EC75021F95B89F005350D7 = {
			isa = PBXGroup;
			children = (
				C3EC750E1F95B89F005350D7 /* Gradientable */,
				C3EC75191F95B8A0005350D7 /* GradientableTests */,
				C3EC750D1F95B89F005350D7 /* Products */,
			);
			sourceTree = "<group>";
		};
		C3EC750D1F95B89F005350D7 /* Products */ = {
			isa = PBXGroup;
			children = (
				C3EC750C1F95B89F005350D7 /* Gradientable.framework */,
				C3EC75151F95B89F005350D7 /* GradientableTests.xctest */,
			);
			name = Products;
			sourceTree = "<group>";
		};
		C3EC750E1F95B89F005350D7 /* Gradientable */ = {
			isa = PBXGroup;
			children = (
				C35E215A1F95B92B00F1D2E2 /* Classes */,
				C3EC750F1F95B89F005350D7 /* Gradientable.h */,
				C3EC75101F95B89F005350D7 /* Info.plist */,
			);
			path = Gradientable;
			sourceTree = "<group>";
		};
		C3EC75191F95B8A0005350D7 /* GradientableTests */ = {
			isa = PBXGroup;
			children = (
				C3EC751A1F95B8A0005350D7 /* GradientableTests.swift */,
				C3EC751C1F95B8A0005350D7 /* Info.plist */,
			);
			path = GradientableTests;
			sourceTree = "<group>";
		};
/* End PBXGroup section */

/* Begin PBXHeadersBuildPhase section */
		C3EC75091F95B89F005350D7 /* Headers */ = {
			isa = PBXHeadersBuildPhase;
			buildActionMask = 2147483647;
			files = (
				C3EC751D1F95B8A0005350D7 /* Gradientable.h in Headers */,
			);
			runOnlyForDeploymentPostprocessing = 0;
		};
/* End PBXHeadersBuildPhase section */

/* Begin PBXNativeTarget section */
		C3EC750B1F95B89F005350D7 /* Gradientable */ = {
			isa = PBXNativeTarget;
			buildConfigurationList = C3EC75201F95B8A0005350D7 /* Build configuration list for PBXNativeTarget "Gradientable" */;
			buildPhases = (
				C3EC75071F95B89F005350D7 /* Sources */,
				C3EC75081F95B89F005350D7 /* Frameworks */,
				C3EC75091F95B89F005350D7 /* Headers */,
				C3EC750A1F95B89F005350D7 /* Resources */,
			);
			buildRules = (
			);
			dependencies = (
			);
			name = Gradientable;
			productName = Gradientable;
			productReference = C3EC750C1F95B89F005350D7 /* Gradientable.framework */;
			productType = "com.apple.product-type.framework";
		};
		C3EC75141F95B89F005350D7 /* GradientableTests */ = {
			isa = PBXNativeTarget;
			buildConfigurationList = C3EC75231F95B8A0005350D7 /* Build configuration list for PBXNativeTarget "GradientableTests" */;
			buildPhases = (
				C3EC75111F95B89F005350D7 /* Sources */,
				C3EC75121F95B89F005350D7 /* Frameworks */,
				C3EC75131F95B89F005350D7 /* Resources */,
			);
			buildRules = (
			);
			dependencies = (
				C3EC75181F95B8A0005350D7 /* PBXTargetDependency */,
			);
			name = GradientableTests;
			productName = GradientableTests;
			productReference = C3EC75151F95B89F005350D7 /* GradientableTests.xctest */;
			productType = "com.apple.product-type.bundle.unit-test";
		};
/* End PBXNativeTarget section */

/* Begin PBXProject section */
		C3EC75031F95B89F005350D7 /* Project object */ = {
			isa = PBXProject;
			attributes = {
				LastSwiftUpdateCheck = 0900;
				LastUpgradeCheck = 0900;
				ORGANIZATIONNAME = Kofktu;
				TargetAttributes = {
					C3EC750B1F95B89F005350D7 = {
						CreatedOnToolsVersion = 9.0.1;
						LastSwiftMigration = 0900;
						ProvisioningStyle = Automatic;
					};
					C3EC75141F95B89F005350D7 = {
						CreatedOnToolsVersion = 9.0.1;
						ProvisioningStyle = Automatic;
					};
				};
			};
			buildConfigurationList = C3EC75061F95B89F005350D7 /* Build configuration list for PBXProject "Gradientable" */;
			compatibilityVersion = "Xcode 8.0";
			developmentRegion = en;
			hasScannedForEncodings = 0;
			knownRegions = (
				en,
			);
			mainGroup = C3EC75021F95B89F005350D7;
			productRefGroup = C3EC750D1F95B89F005350D7 /* Products */;
			projectDirPath = "";
			projectRoot = "";
			targets = (
				C3EC750B1F95B89F005350D7 /* Gradientable */,
				C3EC75141F95B89F005350D7 /* GradientableTests */,
			);
		};
/* End PBXProject section */

/* Begin PBXResourcesBuildPhase section */
		C3EC750A1F95B89F005350D7 /* Resources */ = {
			isa = PBXResourcesBuildPhase;
			buildActionMask = 2147483647;
			files = (
			);
			runOnlyForDeploymentPostprocessing = 0;
		};
		C3EC75131F95B89F005350D7 /* Resources */ = {
			isa = PBXResourcesBuildPhase;
			buildActionMask = 2147483647;
			files = (
			);
			runOnlyForDeploymentPostprocessing = 0;
		};
/* End PBXResourcesBuildPhase section */

/* Begin PBXSourcesBuildPhase section */
		C3EC75071F95B89F005350D7 /* Sources */ = {
			isa = PBXSourcesBuildPhase;
			buildActionMask = 2147483647;
			files = (
				C3DF488E1F95D455000BEFDC /* GradientableAnimation.swift in Sources */,
				C3DF488C1F95D424000BEFDC /* GradientableOptions.swift in Sources */,
				C35E215E1F95BCF900F1D2E2 /* UIView+Gradientable.swift in Sources */,
				C35E215C1F95B93700F1D2E2 /* Gradientable.swift in Sources */,
			);
			runOnlyForDeploymentPostprocessing = 0;
		};
		C3EC75111F95B89F005350D7 /* Sources */ = {
			isa = PBXSourcesBuildPhase;
			buildActionMask = 2147483647;
			files = (
				C3EC751B1F95B8A0005350D7 /* GradientableTests.swift in Sources */,
			);
			runOnlyForDeploymentPostprocessing = 0;
		};
/* End PBXSourcesBuildPhase section */

/* Begin PBXTargetDependency section */
		C3EC75181F95B8A0005350D7 /* PBXTargetDependency */ = {
			isa = PBXTargetDependency;
			target = C3EC750B1F95B89F005350D7 /* Gradientable */;
			targetProxy = C3EC75171F95B8A0005350D7 /* PBXContainerItemProxy */;
		};
/* End PBXTargetDependency section */

/* Begin XCBuildConfiguration section */
		C3EC751E1F95B8A0005350D7 /* Debug */ = {
			isa = XCBuildConfiguration;
			buildSettings = {
				ALWAYS_SEARCH_USER_PATHS = NO;
				CLANG_ANALYZER_NONNULL = YES;
				CLANG_ANALYZER_NUMBER_OBJECT_CONVERSION = YES_AGGRESSIVE;
				CLANG_CXX_LANGUAGE_STANDARD = "gnu++14";
				CLANG_CXX_LIBRARY = "libc++";
				CLANG_ENABLE_MODULES = YES;
				CLANG_ENABLE_OBJC_ARC = YES;
				CLANG_WARN_BLOCK_CAPTURE_AUTORELEASING = YES;
				CLANG_WARN_BOOL_CONVERSION = YES;
				CLANG_WARN_COMMA = YES;
				CLANG_WARN_CONSTANT_CONVERSION = YES;
				CLANG_WARN_DIRECT_OBJC_ISA_USAGE = YES_ERROR;
				CLANG_WARN_DOCUMENTATION_COMMENTS = YES;
				CLANG_WARN_EMPTY_BODY = YES;
				CLANG_WARN_ENUM_CONVERSION = YES;
				CLANG_WARN_INFINITE_RECURSION = YES;
				CLANG_WARN_INT_CONVERSION = YES;
				CLANG_WARN_NON_LITERAL_NULL_CONVERSION = YES;
				CLANG_WARN_OBJC_LITERAL_CONVERSION = YES;
				CLANG_WARN_OBJC_ROOT_CLASS = YES_ERROR;
				CLANG_WARN_RANGE_LOOP_ANALYSIS = YES;
				CLANG_WARN_STRICT_PROTOTYPES = YES;
				CLANG_WARN_SUSPICIOUS_MOVE = YES;
				CLANG_WARN_UNGUARDED_AVAILABILITY = YES_AGGRESSIVE;
				CLANG_WARN_UNREACHABLE_CODE = YES;
				CLANG_WARN__DUPLICATE_METHOD_MATCH = YES;
				CODE_SIGN_IDENTITY = "iPhone Developer";
				COPY_PHASE_STRIP = NO;
				CURRENT_PROJECT_VERSION = 1;
				DEBUG_INFORMATION_FORMAT = dwarf;
				ENABLE_STRICT_OBJC_MSGSEND = YES;
				ENABLE_TESTABILITY = YES;
				GCC_C_LANGUAGE_STANDARD = gnu11;
				GCC_DYNAMIC_NO_PIC = NO;
				GCC_NO_COMMON_BLOCKS = YES;
				GCC_OPTIMIZATION_LEVEL = 0;
				GCC_PREPROCESSOR_DEFINITIONS = (
					"DEBUG=1",
					"$(inherited)",
				);
				GCC_WARN_64_TO_32_BIT_CONVERSION = YES;
				GCC_WARN_ABOUT_RETURN_TYPE = YES_ERROR;
				GCC_WARN_UNDECLARED_SELECTOR = YES;
				GCC_WARN_UNINITIALIZED_AUTOS = YES_AGGRESSIVE;
				GCC_WARN_UNUSED_FUNCTION = YES;
				GCC_WARN_UNUSED_VARIABLE = YES;
				IPHONEOS_DEPLOYMENT_TARGET = 11.0;
				MTL_ENABLE_DEBUG_INFO = YES;
				ONLY_ACTIVE_ARCH = YES;
				SDKROOT = iphoneos;
				SWIFT_ACTIVE_COMPILATION_CONDITIONS = DEBUG;
				SWIFT_OPTIMIZATION_LEVEL = "-Onone";
				VERSIONING_SYSTEM = "apple-generic";
				VERSION_INFO_PREFIX = "";
			};
			name = Debug;
		};
		C3EC751F1F95B8A0005350D7 /* Release */ = {
			isa = XCBuildConfiguration;
			buildSettings = {
				ALWAYS_SEARCH_USER_PATHS = NO;
				CLANG_ANALYZER_NONNULL = YES;
				CLANG_ANALYZER_NUMBER_OBJECT_CONVERSION = YES_AGGRESSIVE;
				CLANG_CXX_LANGUAGE_STANDARD = "gnu++14";
				CLANG_CXX_LIBRARY = "libc++";
				CLANG_ENABLE_MODULES = YES;
				CLANG_ENABLE_OBJC_ARC = YES;
				CLANG_WARN_BLOCK_CAPTURE_AUTORELEASING = YES;
				CLANG_WARN_BOOL_CONVERSION = YES;
				CLANG_WARN_COMMA = YES;
				CLANG_WARN_CONSTANT_CONVERSION = YES;
				CLANG_WARN_DIRECT_OBJC_ISA_USAGE = YES_ERROR;
				CLANG_WARN_DOCUMENTATION_COMMENTS = YES;
				CLANG_WARN_EMPTY_BODY = YES;
				CLANG_WARN_ENUM_CONVERSION = YES;
				CLANG_WARN_INFINITE_RECURSION = YES;
				CLANG_WARN_INT_CONVERSION = YES;
				CLANG_WARN_NON_LITERAL_NULL_CONVERSION = YES;
				CLANG_WARN_OBJC_LITERAL_CONVERSION = YES;
				CLANG_WARN_OBJC_ROOT_CLASS = YES_ERROR;
				CLANG_WARN_RANGE_LOOP_ANALYSIS = YES;
				CLANG_WARN_STRICT_PROTOTYPES = YES;
				CLANG_WARN_SUSPICIOUS_MOVE = YES;
				CLANG_WARN_UNGUARDED_AVAILABILITY = YES_AGGRESSIVE;
				CLANG_WARN_UNREACHABLE_CODE = YES;
				CLANG_WARN__DUPLICATE_METHOD_MATCH = YES;
				CODE_SIGN_IDENTITY = "iPhone Developer";
				COPY_PHASE_STRIP = NO;
				CURRENT_PROJECT_VERSION = 1;
				DEBUG_INFORMATION_FORMAT = "dwarf-with-dsym";
				ENABLE_NS_ASSERTIONS = NO;
				ENABLE_STRICT_OBJC_MSGSEND = YES;
				GCC_C_LANGUAGE_STANDARD = gnu11;
				GCC_NO_COMMON_BLOCKS = YES;
				GCC_WARN_64_TO_32_BIT_CONVERSION = YES;
				GCC_WARN_ABOUT_RETURN_TYPE = YES_ERROR;
				GCC_WARN_UNDECLARED_SELECTOR = YES;
				GCC_WARN_UNINITIALIZED_AUTOS = YES_AGGRESSIVE;
				GCC_WARN_UNUSED_FUNCTION = YES;
				GCC_WARN_UNUSED_VARIABLE = YES;
				IPHONEOS_DEPLOYMENT_TARGET = 11.0;
				MTL_ENABLE_DEBUG_INFO = NO;
				SDKROOT = iphoneos;
				SWIFT_OPTIMIZATION_LEVEL = "-Owholemodule";
				VALIDATE_PRODUCT = YES;
				VERSIONING_SYSTEM = "apple-generic";
				VERSION_INFO_PREFIX = "";
			};
			name = Release;
		};
		C3EC75211F95B8A0005350D7 /* Debug */ = {
			isa = XCBuildConfiguration;
			buildSettings = {
				CLANG_ENABLE_MODULES = YES;
				CODE_SIGN_IDENTITY = "";
				CODE_SIGN_STYLE = Automatic;
				DEFINES_MODULE = YES;
				DEVELOPMENT_TEAM = KLVLNTBFM4;
				DYLIB_COMPATIBILITY_VERSION = 1;
				DYLIB_CURRENT_VERSION = 1;
				DYLIB_INSTALL_NAME_BASE = "@rpath";
				INFOPLIST_FILE = Gradientable/Info.plist;
				INSTALL_PATH = "$(LOCAL_LIBRARY_DIR)/Frameworks";
				IPHONEOS_DEPLOYMENT_TARGET = 8.0;
				LD_RUNPATH_SEARCH_PATHS = "$(inherited) @executable_path/Frameworks @loader_path/Frameworks";
				PRODUCT_BUNDLE_IDENTIFIER = com.homefactory.Gradientable;
				PRODUCT_NAME = "$(TARGET_NAME:c99extidentifier)";
				SKIP_INSTALL = YES;
				SWIFT_OPTIMIZATION_LEVEL = "-Onone";
				SWIFT_VERSION = 4.0;
				TARGETED_DEVICE_FAMILY = "1,2";
			};
			name = Debug;
		};
		C3EC75221F95B8A0005350D7 /* Release */ = {
			isa = XCBuildConfiguration;
			buildSettings = {
				CLANG_ENABLE_MODULES = YES;
				CODE_SIGN_IDENTITY = "";
				CODE_SIGN_STYLE = Automatic;
				DEFINES_MODULE = YES;
				DEVELOPMENT_TEAM = KLVLNTBFM4;
				DYLIB_COMPATIBILITY_VERSION = 1;
				DYLIB_CURRENT_VERSION = 1;
				DYLIB_INSTALL_NAME_BASE = "@rpath";
				INFOPLIST_FILE = Gradientable/Info.plist;
				INSTALL_PATH = "$(LOCAL_LIBRARY_DIR)/Frameworks";
				IPHONEOS_DEPLOYMENT_TARGET = 8.0;
				LD_RUNPATH_SEARCH_PATHS = "$(inherited) @executable_path/Frameworks @loader_path/Frameworks";
				PRODUCT_BUNDLE_IDENTIFIER = com.homefactory.Gradientable;
				PRODUCT_NAME = "$(TARGET_NAME:c99extidentifier)";
				SKIP_INSTALL = YES;
				SWIFT_VERSION = 4.0;
				TARGETED_DEVICE_FAMILY = "1,2";
			};
			name = Release;
		};
		C3EC75241F95B8A0005350D7 /* Debug */ = {
			isa = XCBuildConfiguration;
			buildSettings = {
				ALWAYS_EMBED_SWIFT_STANDARD_LIBRARIES = YES;
				CODE_SIGN_STYLE = Automatic;
				DEVELOPMENT_TEAM = KLVLNTBFM4;
				INFOPLIST_FILE = GradientableTests/Info.plist;
				LD_RUNPATH_SEARCH_PATHS = "$(inherited) @executable_path/Frameworks @loader_path/Frameworks";
				PRODUCT_BUNDLE_IDENTIFIER = com.homefactory.GradientableTests;
				PRODUCT_NAME = "$(TARGET_NAME)";
				SWIFT_VERSION = 4.0;
				TARGETED_DEVICE_FAMILY = "1,2";
			};
			name = Debug;
		};
		C3EC75251F95B8A0005350D7 /* Release */ = {
			isa = XCBuildConfiguration;
			buildSettings = {
				ALWAYS_EMBED_SWIFT_STANDARD_LIBRARIES = YES;
				CODE_SIGN_STYLE = Automatic;
				DEVELOPMENT_TEAM = KLVLNTBFM4;
				INFOPLIST_FILE = GradientableTests/Info.plist;
				LD_RUNPATH_SEARCH_PATHS = "$(inherited) @executable_path/Frameworks @loader_path/Frameworks";
				PRODUCT_BUNDLE_IDENTIFIER = com.homefactory.GradientableTests;
				PRODUCT_NAME = "$(TARGET_NAME)";
				SWIFT_VERSION = 4.0;
				TARGETED_DEVICE_FAMILY = "1,2";
			};
			name = Release;
		};
/* End XCBuildConfiguration section */

/* Begin XCConfigurationList section */
		C3EC75061F95B89F005350D7 /* Build configuration list for PBXProject "Gradientable" */ = {
			isa = XCConfigurationList;
			buildConfigurations = (
				C3EC751E1F95B8A0005350D7 /* Debug */,
				C3EC751F1F95B8A0005350D7 /* Release */,
			);
			defaultConfigurationIsVisible = 0;
			defaultConfigurationName = Release;
		};
		C3EC75201F95B8A0005350D7 /* Build configuration list for PBXNativeTarget "Gradientable" */ = {
			isa = XCConfigurationList;
			buildConfigurations = (
				C3EC75211F95B8A0005350D7 /* Debug */,
				C3EC75221F95B8A0005350D7 /* Release */,
			);
			defaultConfigurationIsVisible = 0;
			defaultConfigurationName = Release;
		};
		C3EC75231F95B8A0005350D7 /* Build configuration list for PBXNativeTarget "GradientableTests" */ = {
			isa = XCConfigurationList;
			buildConfigurations = (
				C3EC75241F95B8A0005350D7 /* Debug */,
				C3EC75251F95B8A0005350D7 /* Release */,
			);
			defaultConfigurationIsVisible = 0;
			defaultConfigurationName = Release;
		};
/* End XCConfigurationList section */
	};
	rootObject = C3EC75031F95B89F005350D7 /* Project object */;
}
