// !$*UTF8*$!
{
	archiveVersion = 1;
	classes = {
	};
	objectVersion = 48;
	objects = {

/* Begin PBXBuildFile section */
		C35E21311F95B8C400F1D2E2 /* AppDelegate.swift in Sources */ = {isa = PBXBuildFile; fileRef = C35E21301F95B8C400F1D2E2 /* AppDelegate.swift */; };
		C35E21331F95B8C400F1D2E2 /* ViewController.swift in Sources */ = {isa = PBXBuildFile; fileRef = C35E21321F95B8C400F1D2E2 /* ViewController.swift */; };
		C35E21361F95B8C400F1D2E2 /* Main.storyboard in Resources */ = {isa = PBXBuildFile; fileRef = C35E21341F95B8C400F1D2E2 /* Main.storyboard */; };
		C35E21381F95B8C400F1D2E2 /* Assets.xcassets in Resources */ = {isa = PBXBuildFile; fileRef = C35E21371F95B8C400F1D2E2 /* Assets.xcassets */; };
		C35E213B1F95B8C400F1D2E2 /* LaunchScreen.storyboard in Resources */ = {isa = PBXBuildFile; fileRef = C35E21391F95B8C400F1D2E2 /* LaunchScreen.storyboard */; };
		C35E21461F95B8C500F1D2E2 /* ExampleTests.swift in Sources */ = {isa = PBXBuildFile; fileRef = C35E21451F95B8C500F1D2E2 /* ExampleTests.swift */; };
		C35E21611F95C13800F1D2E2 /* Gradientable.framework in Frameworks */ = {isa = PBXBuildFile; fileRef = C35E21561F95B8CA00F1D2E2 /* Gradientable.framework */; };
		C35E21621F95C13800F1D2E2 /* Gradientable.framework in Embed Frameworks */ = {isa = PBXBuildFile; fileRef = C35E21561F95B8CA00F1D2E2 /* Gradientable.framework */; settings = {ATTRIBUTES = (CodeSignOnCopy, RemoveHeadersOnCopy, ); }; };
/* End PBXBuildFile section */

/* Begin PBXContainerItemProxy section */
		C35E21421F95B8C500F1D2E2 /* PBXContainerItemProxy */ = {
			isa = PBXContainerItemProxy;
			containerPortal = C35E21251F95B8C400F1D2E2 /* Project object */;
			proxyType = 1;
			remoteGlobalIDString = C35E212C1F95B8C400F1D2E2;
			remoteInfo = Example;
		};
		C35E21551F95B8CA00F1D2E2 /* PBXContainerItemProxy */ = {
			isa = PBXContainerItemProxy;
			containerPortal = C35E21501F95B8CA00F1D2E2 /* Gradientable.xcodeproj */;
			proxyType = 2;
			remoteGlobalIDString = C3EC750C1F95B89F005350D7;
			remoteInfo = Gradientable;
		};
		C35E21571F95B8CA00F1D2E2 /* PBXContainerItemProxy */ = {
			isa = PBXContainerItemProxy;
			containerPortal = C35E21501F95B8CA00F1D2E2 /* Gradientable.xcodeproj */;
			proxyType = 2;
			remoteGlobalIDString = C3EC75151F95B89F005350D7;
			remoteInfo = GradientableTests;
		};
		C35E21631F95C13800F1D2E2 /* PBXContainerItemProxy */ = {
			isa = PBXContainerItemProxy;
			containerPortal = C35E21501F95B8CA00F1D2E2 /* Gradientable.xcodeproj */;
			proxyType = 1;
			remoteGlobalIDString = C3EC750B1F95B89F005350D7;
			remoteInfo = Gradientable;
		};
/* End PBXContainerItemProxy section */

/* Begin PBXCopyFilesBuildPhase section */
		C35E21651F95C13800F1D2E2 /* Embed Frameworks */ = {
			isa = PBXCopyFilesBuildPhase;
			buildActionMask = 2147483647;
			dstPath = "";
			dstSubfolderSpec = 10;
			files = (
				C35E21621F95C13800F1D2E2 /* Gradientable.framework in Embed Frameworks */,
			);
			name = "Embed Frameworks";
			runOnlyForDeploymentPostprocessing = 0;
		};
/* End PBXCopyFilesBuildPhase section */

/* Begin PBXFileReference section */
		C35E212D1F95B8C400F1D2E2 /* Example.app */ = {isa = PBXFileReference; explicitFileType = wrapper.application; includeInIndex = 0; path = Example.app; sourceTree = BUILT_PRODUCTS_DIR; };
		C35E21301F95B8C400F1D2E2 /* AppDelegate.swift */ = {isa = PBXFileReference; lastKnownFileType = sourcecode.swift; path = AppDelegate.swift; sourceTree = "<group>"; };
		C35E21321F95B8C400F1D2E2 /* ViewController.swift */ = {isa = PBXFileReference; lastKnownFileType = sourcecode.swift; path = ViewController.swift; sourceTree = "<group>"; };
		C35E21351F95B8C400F1D2E2 /* Base */ = {isa = PBXFileReference; lastKnownFileType = file.storyboard; name = Base; path = Base.lproj/Main.storyboard; sourceTree = "<group>"; };
		C35E21371F95B8C400F1D2E2 /* Assets.xcassets */ = {isa = PBXFileReference; lastKnownFileType = folder.assetcatalog; path = Assets.xcassets; sourceTree = "<group>"; };
		C35E213A1F95B8C400F1D2E2 /* Base */ = {isa = PBXFileReference; lastKnownFileType = file.storyboard; name = Base; path = Base.lproj/LaunchScreen.storyboard; sourceTree = "<group>"; };
		C35E213C1F95B8C400F1D2E2 /* Info.plist */ = {isa = PBXFileReference; lastKnownFileType = text.plist.xml; path = Info.plist; sourceTree = "<group>"; };
		C35E21411F95B8C500F1D2E2 /* ExampleTests.xctest */ = {isa = PBXFileReference; explicitFileType = wrapper.cfbundle; includeInIndex = 0; path = ExampleTests.xctest; sourceTree = BUILT_PRODUCTS_DIR; };
		C35E21451F95B8C500F1D2E2 /* ExampleTests.swift */ = {isa = PBXFileReference; lastKnownFileType = sourcecode.swift; path = ExampleTests.swift; sourceTree = "<group>"; };
		C35E21471F95B8C500F1D2E2 /* Info.plist */ = {isa = PBXFileReference; lastKnownFileType = text.plist.xml; path = Info.plist; sourceTree = "<group>"; };
		C35E21501F95B8CA00F1D2E2 /* Gradientable.xcodeproj */ = {isa = PBXFileReference; lastKnownFileType = "wrapper.pb-project"; name = Gradientable.xcodeproj; path = ../Gradientable.xcodeproj; sourceTree = "<group>"; };
/* End PBXFileReference section */

/* Begin PBXFrameworksBuildPhase section */
		C35E212A1F95B8C400F1D2E2 /* Frameworks */ = {
			isa = PBXFrameworksBuildPhase;
			buildActionMask = 2147483647;
			files = (
				C35E21611F95C13800F1D2E2 /* Gradientable.framework in Frameworks */,
			);
			runOnlyForDeploymentPostprocessing = 0;
		};
		C35E213E1F95B8C500F1D2E2 /* Frameworks */ = {
			isa = PBXFrameworksBuildPhase;
			buildActionMask = 2147483647;
			files = (
			);
			runOnlyForDeploymentPostprocessing = 0;
		};
/* End PBXFrameworksBuildPhase section */

/* Begin PBXGroup section */
		C35E21241F95B8C400F1D2E2 = {
			isa = PBXGroup;
			children = (
				C35E21501F95B8CA00F1D2E2 /* Gradientable.xcodeproj */,
				C35E212F1F95B8C400F1D2E2 /* Example */,
				C35E21441F95B8C500F1D2E2 /* ExampleTests */,
				C35E212E1F95B8C400F1D2E2 /* Products */,
			);
			sourceTree = "<group>";
		};
		C35E212E1F95B8C400F1D2E2 /* Products */ = {
			isa = PBXGroup;
			children = (
				C35E212D1F95B8C400F1D2E2 /* Example.app */,
				C35E21411F95B8C500F1D2E2 /* ExampleTests.xctest */,
			);
			name = Products;
			sourceTree = "<group>";
		};
		C35E212F1F95B8C400F1D2E2 /* Example */ = {
			isa = PBXGroup;
			children = (
				C35E21301F95B8C400F1D2E2 /* AppDelegate.swift */,
				C35E21321F95B8C400F1D2E2 /* ViewController.swift */,
				C35E21341F95B8C400F1D2E2 /* Main.storyboard */,
				C35E21371F95B8C400F1D2E2 /* Assets.xcassets */,
				C35E21391F95B8C400F1D2E2 /* LaunchScreen.storyboard */,
				C35E213C1F95B8C400F1D2E2 /* Info.plist */,
			);
			path = Example;
			sourceTree = "<group>";
		};
		C35E21441F95B8C500F1D2E2 /* ExampleTests */ = {
			isa = PBXGroup;
			children = (
				C35E21451F95B8C500F1D2E2 /* ExampleTests.swift */,
				C35E21471F95B8C500F1D2E2 /* Info.plist */,
			);
			path = ExampleTests;
			sourceTree = "<group>";
		};
		C35E21511F95B8CA00F1D2E2 /* Products */ = {
			isa = PBXGroup;
			children = (
				C35E21561F95B8CA00F1D2E2 /* Gradientable.framework */,
				C35E21581F95B8CA00F1D2E2 /* GradientableTests.xctest */,
			);
			name = Products;
			sourceTree = "<group>";
		};
/* End PBXGroup section */

/* Begin PBXNativeTarget section */
		C35E212C1F95B8C400F1D2E2 /* Example */ = {
			isa = PBXNativeTarget;
			buildConfigurationList = C35E214A1F95B8C500F1D2E2 /* Build configuration list for PBXNativeTarget "Example" */;
			buildPhases = (
				C35E21291F95B8C400F1D2E2 /* Sources */,
				C35E212A1F95B8C400F1D2E2 /* Frameworks */,
				C35E212B1F95B8C400F1D2E2 /* Resources */,
				C35E21651F95C13800F1D2E2 /* Embed Frameworks */,
			);
			buildRules = (
			);
			dependencies = (
				C35E21641F95C13800F1D2E2 /* PBXTargetDependency */,
			);
			name = Example;
			productName = Example;
			productReference = C35E212D1F95B8C400F1D2E2 /* Example.app */;
			productType = "com.apple.product-type.application";
		};
		C35E21401F95B8C500F1D2E2 /* ExampleTests */ = {
			isa = PBXNativeTarget;
			buildConfigurationList = C35E214D1F95B8C500F1D2E2 /* Build configuration list for PBXNativeTarget "ExampleTests" */;
			buildPhases = (
				C35E213D1F95B8C500F1D2E2 /* Sources */,
				C35E213E1F95B8C500F1D2E2 /* Frameworks */,
				C35E213F1F95B8C500F1D2E2 /* Resources */,
			);
			buildRules = (
			);
			dependencies = (
				C35E21431F95B8C500F1D2E2 /* PBXTargetDependency */,
			);
			name = ExampleTests;
			productName = ExampleTests;
			productReference = C35E21411F95B8C500F1D2E2 /* ExampleTests.xctest */;
			productType = "com.apple.product-type.bundle.unit-test";
		};
/* End PBXNativeTarget section */

/* Begin PBXProject section */
		C35E21251F95B8C400F1D2E2 /* Project object */ = {
			isa = PBXProject;
			attributes = {
				LastSwiftUpdateCheck = 0900;
				LastUpgradeCheck = 0900;
				ORGANIZATIONNAME = Kofktu;
				TargetAttributes = {
					C35E212C1F95B8C400F1D2E2 = {
						CreatedOnToolsVersion = 9.0.1;
						ProvisioningStyle = Automatic;
					};
					C35E21401F95B8C500F1D2E2 = {
						CreatedOnToolsVersion = 9.0.1;
						ProvisioningStyle = Automatic;
						TestTargetID = C35E212C1F95B8C400F1D2E2;
					};
				};
			};
			buildConfigurationList = C35E21281F95B8C400F1D2E2 /* Build configuration list for PBXProject "Example" */;
			compatibilityVersion = "Xcode 8.0";
			developmentRegion = en;
			hasScannedForEncodings = 0;
			knownRegions = (
				en,
				Base,
			);
			mainGroup = C35E21241F95B8C400F1D2E2;
			productRefGroup = C35E212E1F95B8C400F1D2E2 /* Products */;
			projectDirPath = "";
			projectReferences = (
				{
					ProductGroup = C35E21511F95B8CA00F1D2E2 /* Products */;
					ProjectRef = C35E21501F95B8CA00F1D2E2 /* Gradientable.xcodeproj */;
				},
			);
			projectRoot = "";
			targets = (
				C35E212C1F95B8C400F1D2E2 /* Example */,
				C35E21401F95B8C500F1D2E2 /* ExampleTests */,
			);
		};
/* End PBXProject section */

/* Begin PBXReferenceProxy section */
		C35E21561F95B8CA00F1D2E2 /* Gradientable.framework */ = {
			isa = PBXReferenceProxy;
			fileType = wrapper.framework;
			path = Gradientable.framework;
			remoteRef = C35E21551F95B8CA00F1D2E2 /* PBXContainerItemProxy */;
			sourceTree = BUILT_PRODUCTS_DIR;
		};
		C35E21581F95B8CA00F1D2E2 /* GradientableTests.xctest */ = {
			isa = PBXReferenceProxy;
			fileType = wrapper.cfbundle;
			path = GradientableTests.xctest;
			remoteRef = C35E21571F95B8CA00F1D2E2 /* PBXContainerItemProxy */;
			sourceTree = BUILT_PRODUCTS_DIR;
		};
/* End PBXReferenceProxy section */

/* Begin PBXResourcesBuildPhase section */
		C35E212B1F95B8C400F1D2E2 /* Resources */ = {
			isa = PBXResourcesBuildPhase;
			buildActionMask = 2147483647;
			files = (
				C35E213B1F95B8C400F1D2E2 /* LaunchScreen.storyboard in Resources */,
				C35E21381F95B8C400F1D2E2 /* Assets.xcassets in Resources */,
				C35E21361F95B8C400F1D2E2 /* Main.storyboard in Resources */,
			);
			runOnlyForDeploymentPostprocessing = 0;
		};
		C35E213F1F95B8C500F1D2E2 /* Resources */ = {
			isa = PBXResourcesBuildPhase;
			buildActionMask = 2147483647;
			files = (
			);
			runOnlyForDeploymentPostprocessing = 0;
		};
/* End PBXResourcesBuildPhase section */

/* Begin PBXSourcesBuildPhase section */
		C35E21291F95B8C400F1D2E2 /* Sources */ = {
			isa = PBXSourcesBuildPhase;
			buildActionMask = 2147483647;
			files = (
				C35E21331F95B8C400F1D2E2 /* ViewController.swift in Sources */,
				C35E21311F95B8C400F1D2E2 /* AppDelegate.swift in Sources */,
			);
			runOnlyForDeploymentPostprocessing = 0;
		};
		C35E213D1F95B8C500F1D2E2 /* Sources */ = {
			isa = PBXSourcesBuildPhase;
			buildActionMask = 2147483647;
			files = (
				C35E21461F95B8C500F1D2E2 /* ExampleTests.swift in Sources */,
			);
			runOnlyForDeploymentPostprocessing = 0;
		};
/* End PBXSourcesBuildPhase section */

/* Begin PBXTargetDependency section */
		C35E21431F95B8C500F1D2E2 /* PBXTargetDependency */ = {
			isa = PBXTargetDependency;
			target = C35E212C1F95B8C400F1D2E2 /* Example */;
			targetProxy = C35E21421F95B8C500F1D2E2 /* PBXContainerItemProxy */;
		};
		C35E21641F95C13800F1D2E2 /* PBXTargetDependency */ = {
			isa = PBXTargetDependency;
			name = Gradientable;
			targetProxy = C35E21631F95C13800F1D2E2 /* PBXContainerItemProxy */;
		};
/* End PBXTargetDependency section */

/* Begin PBXVariantGroup section */
		C35E21341F95B8C400F1D2E2 /* Main.storyboard */ = {
			isa = PBXVariantGroup;
			children = (
				C35E21351F95B8C400F1D2E2 /* Base */,
			);
			name = Main.storyboard;
			sourceTree = "<group>";
		};
		C35E21391F95B8C400F1D2E2 /* LaunchScreen.storyboard */ = {
			isa = PBXVariantGroup;
			children = (
				C35E213A1F95B8C400F1D2E2 /* Base */,
			);
			name = LaunchScreen.storyboard;
			sourceTree = "<group>";
		};
/* End PBXVariantGroup section */

/* Begin XCBuildConfiguration section */
		C35E21481F95B8C500F1D2E2 /* Debug */ = {
			isa = XCBuildConfiguration;
			buildSettings = {
				ALWAYS_SEARCH_USER_PATHS = NO;
				CLANG_ANALYZER_NONNULL = YES;
				CLANG_ANALYZER_NUMBER_OBJECT_CONVERSION = YES_AGGRESSIVE;
				CLANG_CXX_LANGUAGE_STANDARD = "gnu++14";
				CLANG_CXX_LIBRARY = "libc++";
				CLANG_ENABLE_MODULES = YES;
				CLANG_ENABLE_OBJC_ARC = YES;
				CLANG_WARN_BLOCK_CAPTURE_AUTORELEASING = YES;
				CLANG_WARN_BOOL_CONVERSION = YES;
				CLANG_WARN_COMMA = YES;
				CLANG_WARN_CONSTANT_CONVERSION = YES;
				CLANG_WARN_DIRECT_OBJC_ISA_USAGE = YES_ERROR;
				CLANG_WARN_DOCUMENTATION_COMMENTS = YES;
				CLANG_WARN_EMPTY_BODY = YES;
				CLANG_WARN_ENUM_CONVERSION = YES;
				CLANG_WARN_INFINITE_RECURSION = YES;
				CLANG_WARN_INT_CONVERSION = YES;
				CLANG_WARN_NON_LITERAL_NULL_CONVERSION = YES;
				CLANG_WARN_OBJC_LITERAL_CONVERSION = YES;
				CLANG_WARN_OBJC_ROOT_CLASS = YES_ERROR;
				CLANG_WARN_RANGE_LOOP_ANALYSIS = YES;
				CLANG_WARN_STRICT_PROTOTYPES = YES;
				CLANG_WARN_SUSPICIOUS_MOVE = YES;
				CLANG_WARN_UNGUARDED_AVAILABILITY = YES_AGGRESSIVE;
				CLANG_WARN_UNREACHABLE_CODE = YES;
				CLANG_WARN__DUPLICATE_METHOD_MATCH = YES;
				CODE_SIGN_IDENTITY = "iPhone Developer";
				COPY_PHASE_STRIP = NO;
				DEBUG_INFORMATION_FORMAT = dwarf;
				ENABLE_STRICT_OBJC_MSGSEND = YES;
				ENABLE_TESTABILITY = YES;
				GCC_C_LANGUAGE_STANDARD = gnu11;
				GCC_DYNAMIC_NO_PIC = NO;
				GCC_NO_COMMON_BLOCKS = YES;
				GCC_OPTIMIZATION_LEVEL = 0;
				GCC_PREPROCESSOR_DEFINITIONS = (
					"DEBUG=1",
					"$(inherited)",
				);
				GCC_WARN_64_TO_32_BIT_CONVERSION = YES;
				GCC_WARN_ABOUT_RETURN_TYPE = YES_ERROR;
				GCC_WARN_UNDECLARED_SELECTOR = YES;
				GCC_WARN_UNINITIALIZED_AUTOS = YES_AGGRESSIVE;
				GCC_WARN_UNUSED_FUNCTION = YES;
				GCC_WARN_UNUSED_VARIABLE = YES;
				IPHONEOS_DEPLOYMENT_TARGET = 11.0;
				MTL_ENABLE_DEBUG_INFO = YES;
				ONLY_ACTIVE_ARCH = YES;
				SDKROOT = iphoneos;
				SWIFT_ACTIVE_COMPILATION_CONDITIONS = DEBUG;
				SWIFT_OPTIMIZATION_LEVEL = "-Onone";
			};
			name = Debug;
		};
		C35E21491F95B8C500F1D2E2 /* Release */ = {
			isa = XCBuildConfiguration;
			buildSettings = {
				ALWAYS_SEARCH_USER_PATHS = NO;
				CLANG_ANALYZER_NONNULL = YES;
				CLANG_ANALYZER_NUMBER_OBJECT_CONVERSION = YES_AGGRESSIVE;
				CLANG_CXX_LANGUAGE_STANDARD = "gnu++14";
				CLANG_CXX_LIBRARY = "libc++";
				CLANG_ENABLE_MODULES = YES;
				CLANG_ENABLE_OBJC_ARC = YES;
				CLANG_WARN_BLOCK_CAPTURE_AUTORELEASING = YES;
				CLANG_WARN_BOOL_CONVERSION = YES;
				CLANG_WARN_COMMA = YES;
				CLANG_WARN_CONSTANT_CONVERSION = YES;
				CLANG_WARN_DIRECT_OBJC_ISA_USAGE = YES_ERROR;
				CLANG_WARN_DOCUMENTATION_COMMENTS = YES;
				CLANG_WARN_EMPTY_BODY = YES;
				CLANG_WARN_ENUM_CONVERSION = YES;
				CLANG_WARN_INFINITE_RECURSION = YES;
				CLANG_WARN_INT_CONVERSION = YES;
				CLANG_WARN_NON_LITERAL_NULL_CONVERSION = YES;
				CLANG_WARN_OBJC_LITERAL_CONVERSION = YES;
				CLANG_WARN_OBJC_ROOT_CLASS = YES_ERROR;
				CLANG_WARN_RANGE_LOOP_ANALYSIS = YES;
				CLANG_WARN_STRICT_PROTOTYPES = YES;
				CLANG_WARN_SUSPICIOUS_MOVE = YES;
				CLANG_WARN_UNGUARDED_AVAILABILITY = YES_AGGRESSIVE;
				CLANG_WARN_UNREACHABLE_CODE = YES;
				CLANG_WARN__DUPLICATE_METHOD_MATCH = YES;
				CODE_SIGN_IDENTITY = "iPhone Developer";
				COPY_PHASE_STRIP = NO;
				DEBUG_INFORMATION_FORMAT = "dwarf-with-dsym";
				ENABLE_NS_ASSERTIONS = NO;
				ENABLE_STRICT_OBJC_MSGSEND = YES;
				GCC_C_LANGUAGE_STANDARD = gnu11;
				GCC_NO_COMMON_BLOCKS = YES;
				GCC_WARN_64_TO_32_BIT_CONVERSION = YES;
				GCC_WARN_ABOUT_RETURN_TYPE = YES_ERROR;
				GCC_WARN_UNDECLARED_SELECTOR = YES;
				GCC_WARN_UNINITIALIZED_AUTOS = YES_AGGRESSIVE;
				GCC_WARN_UNUSED_FUNCTION = YES;
				GCC_WARN_UNUSED_VARIABLE = YES;
				IPHONEOS_DEPLOYMENT_TARGET = 11.0;
				MTL_ENABLE_DEBUG_INFO = NO;
				SDKROOT = iphoneos;
				SWIFT_OPTIMIZATION_LEVEL = "-Owholemodule";
				VALIDATE_PRODUCT = YES;
			};
			name = Release;
		};
		C35E214B1F95B8C500F1D2E2 /* Debug */ = {
			isa = XCBuildConfiguration;
			buildSettings = {
				ALWAYS_EMBED_SWIFT_STANDARD_LIBRARIES = YES;
				ASSETCATALOG_COMPILER_APPICON_NAME = AppIcon;
				CODE_SIGN_STYLE = Automatic;
				DEVELOPMENT_TEAM = KLVLNTBFM4;
				INFOPLIST_FILE = Example/Info.plist;
				IPHONEOS_DEPLOYMENT_TARGET = 9.0;
				LD_RUNPATH_SEARCH_PATHS = "$(inherited) @executable_path/Frameworks";
				PRODUCT_BUNDLE_IDENTIFIER = com.homefactory.Example;
				PRODUCT_NAME = "$(TARGET_NAME)";
				SWIFT_VERSION = 4.0;
				TARGETED_DEVICE_FAMILY = "1,2";
			};
			name = Debug;
		};
		C35E214C1F95B8C500F1D2E2 /* Release */ = {
			isa = XCBuildConfiguration;
			buildSettings = {
				ALWAYS_EMBED_SWIFT_STANDARD_LIBRARIES = YES;
				ASSETCATALOG_COMPILER_APPICON_NAME = AppIcon;
				CODE_SIGN_STYLE = Automatic;
				DEVELOPMENT_TEAM = KLVLNTBFM4;
				INFOPLIST_FILE = Example/Info.plist;
				IPHONEOS_DEPLOYMENT_TARGET = 9.0;
				LD_RUNPATH_SEARCH_PATHS = "$(inherited) @executable_path/Frameworks";
				PRODUCT_BUNDLE_IDENTIFIER = com.homefactory.Example;
				PRODUCT_NAME = "$(TARGET_NAME)";
				SWIFT_VERSION = 4.0;
				TARGETED_DEVICE_FAMILY = "1,2";
			};
			name = Release;
		};
		C35E214E1F95B8C500F1D2E2 /* Debug */ = {
			isa = XCBuildConfiguration;
			buildSettings = {
				ALWAYS_EMBED_SWIFT_STANDARD_LIBRARIES = YES;
				BUNDLE_LOADER = "$(TEST_HOST)";
				CODE_SIGN_STYLE = Automatic;
				DEVELOPMENT_TEAM = KLVLNTBFM4;
				INFOPLIST_FILE = ExampleTests/Info.plist;
				LD_RUNPATH_SEARCH_PATHS = "$(inherited) @executable_path/Frameworks @loader_path/Frameworks";
				PRODUCT_BUNDLE_IDENTIFIER = com.homefactory.ExampleTests;
				PRODUCT_NAME = "$(TARGET_NAME)";
				SWIFT_VERSION = 4.0;
				TARGETED_DEVICE_FAMILY = "1,2";
				TEST_HOST = "$(BUILT_PRODUCTS_DIR)/Example.app/Example";
			};
			name = Debug;
		};
		C35E214F1F95B8C500F1D2E2 /* Release */ = {
			isa = XCBuildConfiguration;
			buildSettings = {
				ALWAYS_EMBED_SWIFT_STANDARD_LIBRARIES = YES;
				BUNDLE_LOADER = "$(TEST_HOST)";
				CODE_SIGN_STYLE = Automatic;
				DEVELOPMENT_TEAM = KLVLNTBFM4;
				INFOPLIST_FILE = ExampleTests/Info.plist;
				LD_RUNPATH_SEARCH_PATHS = "$(inherited) @executable_path/Frameworks @loader_path/Frameworks";
				PRODUCT_BUNDLE_IDENTIFIER = com.homefactory.ExampleTests;
				PRODUCT_NAME = "$(TARGET_NAME)";
				SWIFT_VERSION = 4.0;
				TARGETED_DEVICE_FAMILY = "1,2";
				TEST_HOST = "$(BUILT_PRODUCTS_DIR)/Example.app/Example";
			};
			name = Release;
		};
/* End XCBuildConfiguration section */

/* Begin XCConfigurationList section */
		C35E21281F95B8C400F1D2E2 /* Build configuration list for PBXProject "Example" */ = {
			isa = XCConfigurationList;
			buildConfigurations = (
				C35E21481F95B8C500F1D2E2 /* Debug */,
				C35E21491F95B8C500F1D2E2 /* Release */,
			);
			defaultConfigurationIsVisible = 0;
			defaultConfigurationName = Release;
		};
		C35E214A1F95B8C500F1D2E2 /* Build configuration list for PBXNativeTarget "Example" */ = {
			isa = XCConfigurationList;
			buildConfigurations = (
				C35E214B1F95B8C500F1D2E2 /* Debug */,
				C35E214C1F95B8C500F1D2E2 /* Release */,
			);
			defaultConfigurationIsVisible = 0;
			defaultConfigurationName = Release;
		};
		C35E214D1F95B8C500F1D2E2 /* Build configuration list for PBXNativeTarget "ExampleTests" */ = {
			isa = XCConfigurationList;
			buildConfigurations = (
				C35E214E1F95B8C500F1D2E2 /* Debug */,
				C35E214F1F95B8C500F1D2E2 /* Release */,
			);
			defaultConfigurationIsVisible = 0;
			defaultConfigurationName = Release;
		};
/* End XCConfigurationList section */
	};
	rootObject = C35E21251F95B8C400F1D2E2 /* Project object */;
}
